
Microsoft Visual Studio Solution File, Format Version 12.00
# Visual Studio 15
VisualStudioVersion = 15.0.26403.7
MinimumVisualStudioVersion = 10.0.40219.1
Project("{FAE04EC0-301F-11D3-BF4B-00C04F79EFBC}") = "Xap_Playground_Test", "Xap_Playground_Test\Xap_Playground_Test.csproj", "{DDCE01AC-AB67-4EEC-A579-B7E436B96597}"
EndProject
Global
	GlobalSection(SolutionConfigurationPlatforms) = preSolution
		Debug|Any CPU = Debug|Any CPU
		Debug|x64 = Debug|x64
		Release|Any CPU = Release|Any CPU
		Release|x64 = Release|x64
	EndGlobalSection
	GlobalSection(ProjectConfigurationPlatforms) = postSolution
		{DDCE01AC-AB67-4EEC-A579-B7E436B96597}.Debug|Any CPU.ActiveCfg = Debug|Any CPU
		{DDCE01AC-AB67-4EEC-A579-B7E436B96597}.Debug|Any CPU.Build.0 = Debug|Any CPU
		{DDCE01AC-AB67-4EEC-A579-B7E436B96597}.Debug|x64.ActiveCfg = Debug|x64
		{DDCE01AC-AB67-4EEC-A579-B7E436B96597}.Debug|x64.Build.0 = Debug|x64
		{DDCE01AC-AB67-4EEC-A579-B7E436B96597}.Release|Any CPU.ActiveCfg = Release|Any CPU
		{DDCE01AC-AB67-4EEC-A579-B7E436B96597}.Release|Any CPU.Build.0 = Release|Any CPU
		{DDCE01AC-AB67-4EEC-A579-B7E436B96597}.Release|x64.ActiveCfg = Release|Any CPU
		{DDCE01AC-AB67-4EEC-A579-B7E436B96597}.Release|x64.Build.0 = Release|Any CPU
	EndGlobalSection
	GlobalSection(SolutionProperties) = preSolution
		HideSolutionNode = FALSE
	EndGlobalSection
EndGlobal
